
Microsoft Visual Studio Solution File, Format Version 12.00
# Visual Studio Version 16
VisualStudioVersion = 16.0.29306.81
MinimumVisualStudioVersion = 10.0.40219.1
Project("{FAE04EC0-301F-11D3-BF4B-00C04F79EFBC}") = "RootsByNewton", "RootsByNewton\RootsByNewton.csproj", "{C2EDA794-5D8A-4B7C-997E-4BAD6D81BE00}"
EndProject
Global
	GlobalSection(SolutionConfigurationPlatforms) = preSolution
		Debug|Any CPU = Debug|Any CPU
		Release|Any CPU = Release|Any CPU
	EndGlobalSection
	GlobalSection(ProjectConfigurationPlatforms) = postSolution
		{C2EDA794-5D8A-4B7C-997E-4BAD6D81BE00}.Debug|Any CPU.ActiveCfg = Debug|Any CPU
		{C2EDA794-5D8A-4B7C-997E-4BAD6D81BE00}.Debug|Any CPU.Build.0 = Debug|Any CPU
		{C2EDA794-5D8A-4B7C-997E-4BAD6D81BE00}.Release|Any CPU.ActiveCfg = Release|Any CPU
		{C2EDA794-5D8A-4B7C-997E-4BAD6D81BE00}.Release|Any CPU.Build.0 = Release|Any CPU
	EndGlobalSection
	GlobalSection(SolutionProperties) = preSolution
		HideSolutionNode = FALSE
	EndGlobalSection
	GlobalSection(ExtensibilityGlobals) = postSolution
		SolutionGuid = {BB20C1A8-4C9E-419B-86D1-E77A13A8BD6F}
	EndGlobalSection
EndGlobal
